
Microsoft Visual Studio Solution File, Format Version 12.00
# Visual Studio 14
VisualStudioVersion = 14.0.25420.1
MinimumVisualStudioVersion = 10.0.40219.1
Project("{FAE04EC0-301F-11D3-BF4B-00C04F79EFBC}") = "TalkingWall.Droid", "TalkingWall\TalkingWall.Droid\TalkingWall.Droid.csproj", "{30FE274F-0E05-4F79-B56F-30D82B40DB37}"
EndProject
Project("{FAE04EC0-301F-11D3-BF4B-00C04F79EFBC}") = "TalkingWall.iOS", "TalkingWall\TalkingWall.iOS\TalkingWall.iOS.csproj", "{238910C3-428B-4643-8388-0C83FBFD8FD7}"
EndProject
Project("{FAE04EC0-301F-11D3-BF4B-00C04F79EFBC}") = "TalkingWall.UWP", "TalkingWall\TalkingWall.UWP\TalkingWall.UWP.csproj", "{A2AEFB78-44BD-4508-A322-0F0F4138A0BE}"
EndProject
Project("{D954291E-2A0B-460D-934E-DC6B0785DB48}") = "TalkingWall", "TalkingWall\TalkingWall\TalkingWall.shproj", "{1CF08B81-BBF5-4B7B-A410-D1E0146F92EB}"
EndProject
Global
	GlobalSection(SharedMSBuildProjectFiles) = preSolution
		TalkingWall\TalkingWall\TalkingWall.projitems*{1cf08b81-bbf5-4b7b-a410-d1e0146f92eb}*SharedItemsImports = 13
		TalkingWall\TalkingWall\TalkingWall.projitems*{238910c3-428b-4643-8388-0c83fbfd8fd7}*SharedItemsImports = 4
		TalkingWall\TalkingWall\TalkingWall.projitems*{30fe274f-0e05-4f79-b56f-30d82b40db37}*SharedItemsImports = 4
		TalkingWall\TalkingWall\TalkingWall.projitems*{a2aefb78-44bd-4508-a322-0f0f4138a0be}*SharedItemsImports = 4
	EndGlobalSection
	GlobalSection(SolutionConfigurationPlatforms) = preSolution
		Ad-Hoc|Any CPU = Ad-Hoc|Any CPU
		Ad-Hoc|ARM = Ad-Hoc|ARM
		Ad-Hoc|iPhone = Ad-Hoc|iPhone
		Ad-Hoc|iPhoneSimulator = Ad-Hoc|iPhoneSimulator
		Ad-Hoc|x64 = Ad-Hoc|x64
		Ad-Hoc|x86 = Ad-Hoc|x86
		AppStore|Any CPU = AppStore|Any CPU
		AppStore|ARM = AppStore|ARM
		AppStore|iPhone = AppStore|iPhone
		AppStore|iPhoneSimulator = AppStore|iPhoneSimulator
		AppStore|x64 = AppStore|x64
		AppStore|x86 = AppStore|x86
		Debug|Any CPU = Debug|Any CPU
		Debug|ARM = Debug|ARM
		Debug|iPhone = Debug|iPhone
		Debug|iPhoneSimulator = Debug|iPhoneSimulator
		Debug|x64 = Debug|x64
		Debug|x86 = Debug|x86
		Release|Any CPU = Release|Any CPU
		Release|ARM = Release|ARM
		Release|iPhone = Release|iPhone
		Release|iPhoneSimulator = Release|iPhoneSimulator
		Release|x64 = Release|x64
		Release|x86 = Release|x86
	EndGlobalSection
	GlobalSection(ProjectConfigurationPlatforms) = postSolution
		{30FE274F-0E05-4F79-B56F-30D82B40DB37}.Ad-Hoc|Any CPU.ActiveCfg = Release|Any CPU
		{30FE274F-0E05-4F79-B56F-30D82B40DB37}.Ad-Hoc|Any CPU.Build.0 = Release|Any CPU
		{30FE274F-0E05-4F79-B56F-30D82B40DB37}.Ad-Hoc|Any CPU.Deploy.0 = Release|Any CPU
		{30FE274F-0E05-4F79-B56F-30D82B40DB37}.Ad-Hoc|ARM.ActiveCfg = Release|Any CPU
		{30FE274F-0E05-4F79-B56F-30D82B40DB37}.Ad-Hoc|ARM.Build.0 = Release|Any CPU
		{30FE274F-0E05-4F79-B56F-30D82B40DB37}.Ad-Hoc|ARM.Deploy.0 = Release|Any CPU
		{30FE274F-0E05-4F79-B56F-30D82B40DB37}.Ad-Hoc|iPhone.ActiveCfg = Release|Any CPU
		{30FE274F-0E05-4F79-B56F-30D82B40DB37}.Ad-Hoc|iPhone.Build.0 = Release|Any CPU
		{30FE274F-0E05-4F79-B56F-30D82B40DB37}.Ad-Hoc|iPhone.Deploy.0 = Release|Any CPU
		{30FE274F-0E05-4F79-B56F-30D82B40DB37}.Ad-Hoc|iPhoneSimulator.ActiveCfg = Release|Any CPU
		{30FE274F-0E05-4F79-B56F-30D82B40DB37}.Ad-Hoc|iPhoneSimulator.Build.0 = Release|Any CPU
		{30FE274F-0E05-4F79-B56F-30D82B40DB37}.Ad-Hoc|iPhoneSimulator.Deploy.0 = Release|Any CPU
		{30FE274F-0E05-4F79-B56F-30D82B40DB37}.Ad-Hoc|x64.ActiveCfg = Release|Any CPU
		{30FE274F-0E05-4F79-B56F-30D82B40DB37}.Ad-Hoc|x64.Build.0 = Release|Any CPU
		{30FE274F-0E05-4F79-B56F-30D82B40DB37}.Ad-Hoc|x64.Deploy.0 = Release|Any CPU
		{30FE274F-0E05-4F79-B56F-30D82B40DB37}.Ad-Hoc|x86.ActiveCfg = Release|Any CPU
		{30FE274F-0E05-4F79-B56F-30D82B40DB37}.Ad-Hoc|x86.Build.0 = Release|Any CPU
		{30FE274F-0E05-4F79-B56F-30D82B40DB37}.Ad-Hoc|x86.Deploy.0 = Release|Any CPU
		{30FE274F-0E05-4F79-B56F-30D82B40DB37}.AppStore|Any CPU.ActiveCfg = Release|Any CPU
		{30FE274F-0E05-4F79-B56F-30D82B40DB37}.AppStore|Any CPU.Build.0 = Release|Any CPU
		{30FE274F-0E05-4F79-B56F-30D82B40DB37}.AppStore|Any CPU.Deploy.0 = Release|Any CPU
		{30FE274F-0E05-4F79-B56F-30D82B40DB37}.AppStore|ARM.ActiveCfg = Release|Any CPU
		{30FE274F-0E05-4F79-B56F-30D82B40DB37}.AppStore|ARM.Build.0 = Release|Any CPU
		{30FE274F-0E05-4F79-B56F-30D82B40DB37}.AppStore|ARM.Deploy.0 = Release|Any CPU
		{30FE274F-0E05-4F79-B56F-30D82B40DB37}.AppStore|iPhone.ActiveCfg = Release|Any CPU
		{30FE274F-0E05-4F79-B56F-30D82B40DB37}.AppStore|iPhone.Build.0 = Release|Any CPU
		{30FE274F-0E05-4F79-B56F-30D82B40DB37}.AppStore|iPhone.Deploy.0 = Release|Any CPU
		{30FE274F-0E05-4F79-B56F-30D82B40DB37}.AppStore|iPhoneSimulator.ActiveCfg = Release|Any CPU
		{30FE274F-0E05-4F79-B56F-30D82B40DB37}.AppStore|iPhoneSimulator.Build.0 = Release|Any CPU
		{30FE274F-0E05-4F79-B56F-30D82B40DB37}.AppStore|iPhoneSimulator.Deploy.0 = Release|Any CPU
		{30FE274F-0E05-4F79-B56F-30D82B40DB37}.AppStore|x64.ActiveCfg = Release|Any CPU
		{30FE274F-0E05-4F79-B56F-30D82B40DB37}.AppStore|x64.Build.0 = Release|Any CPU
		{30FE274F-0E05-4F79-B56F-30D82B40DB37}.AppStore|x64.Deploy.0 = Release|Any CPU
		{30FE274F-0E05-4F79-B56F-30D82B40DB37}.AppStore|x86.ActiveCfg = Release|Any CPU
		{30FE274F-0E05-4F79-B56F-30D82B40DB37}.AppStore|x86.Build.0 = Release|Any CPU
		{30FE274F-0E05-4F79-B56F-30D82B40DB37}.AppStore|x86.Deploy.0 = Release|Any CPU
		{30FE274F-0E05-4F79-B56F-30D82B40DB37}.Debug|Any CPU.ActiveCfg = Debug|Any CPU
		{30FE274F-0E05-4F79-B56F-30D82B40DB37}.Debug|Any CPU.Build.0 = Debug|Any CPU
		{30FE274F-0E05-4F79-B56F-30D82B40DB37}.Debug|Any CPU.Deploy.0 = Debug|Any CPU
		{30FE274F-0E05-4F79-B56F-30D82B40DB37}.Debug|ARM.ActiveCfg = Debug|Any CPU
		{30FE274F-0E05-4F79-B56F-30D82B40DB37}.Debug|ARM.Build.0 = Debug|Any CPU
		{30FE274F-0E05-4F79-B56F-30D82B40DB37}.Debug|ARM.Deploy.0 = Debug|Any CPU
		{30FE274F-0E05-4F79-B56F-30D82B40DB37}.Debug|iPhone.ActiveCfg = Debug|Any CPU
		{30FE274F-0E05-4F79-B56F-30D82B40DB37}.Debug|iPhone.Build.0 = Debug|Any CPU
		{30FE274F-0E05-4F79-B56F-30D82B40DB37}.Debug|iPhone.Deploy.0 = Debug|Any CPU
		{30FE274F-0E05-4F79-B56F-30D82B40DB37}.Debug|iPhoneSimulator.ActiveCfg = Debug|Any CPU
		{30FE274F-0E05-4F79-B56F-30D82B40DB37}.Debug|iPhoneSimulator.Build.0 = Debug|Any CPU
		{30FE274F-0E05-4F79-B56F-30D82B40DB37}.Debug|iPhoneSimulator.Deploy.0 = Debug|Any CPU
		{30FE274F-0E05-4F79-B56F-30D82B40DB37}.Debug|x64.ActiveCfg = Debug|Any CPU
		{30FE274F-0E05-4F79-B56F-30D82B40DB37}.Debug|x64.Build.0 = Debug|Any CPU
		{30FE274F-0E05-4F79-B56F-30D82B40DB37}.Debug|x64.Deploy.0 = Debug|Any CPU
		{30FE274F-0E05-4F79-B56F-30D82B40DB37}.Debug|x86.ActiveCfg = Debug|Any CPU
		{30FE274F-0E05-4F79-B56F-30D82B40DB37}.Debug|x86.Build.0 = Debug|Any CPU
		{30FE274F-0E05-4F79-B56F-30D82B40DB37}.Debug|x86.Deploy.0 = Debug|Any CPU
		{30FE274F-0E05-4F79-B56F-30D82B40DB37}.Release|Any CPU.ActiveCfg = Release|Any CPU
		{30FE274F-0E05-4F79-B56F-30D82B40DB37}.Release|Any CPU.Build.0 = Release|Any CPU
		{30FE274F-0E05-4F79-B56F-30D82B40DB37}.Release|Any CPU.Deploy.0 = Release|Any CPU
		{30FE274F-0E05-4F79-B56F-30D82B40DB37}.Release|ARM.ActiveCfg = Release|Any CPU
		{30FE274F-0E05-4F79-B56F-30D82B40DB37}.Release|ARM.Build.0 = Release|Any CPU
		{30FE274F-0E05-4F79-B56F-30D82B40DB37}.Release|ARM.Deploy.0 = Release|Any CPU
		{30FE274F-0E05-4F79-B56F-30D82B40DB37}.Release|iPhone.ActiveCfg = Release|Any CPU
		{30FE274F-0E05-4F79-B56F-30D82B40DB37}.Release|iPhone.Build.0 = Release|Any CPU
		{30FE274F-0E05-4F79-B56F-30D82B40DB37}.Release|iPhone.Deploy.0 = Release|Any CPU
		{30FE274F-0E05-4F79-B56F-30D82B40DB37}.Release|iPhoneSimulator.ActiveCfg = Release|Any CPU
		{30FE274F-0E05-4F79-B56F-30D82B40DB37}.Release|iPhoneSimulator.Build.0 = Release|Any CPU
		{30FE274F-0E05-4F79-B56F-30D82B40DB37}.Release|iPhoneSimulator.Deploy.0 = Release|Any CPU
		{30FE274F-0E05-4F79-B56F-30D82B40DB37}.Release|x64.ActiveCfg = Release|Any CPU
		{30FE274F-0E05-4F79-B56F-30D82B40DB37}.Release|x64.Build.0 = Release|Any CPU
		{30FE274F-0E05-4F79-B56F-30D82B40DB37}.Release|x64.Deploy.0 = Release|Any CPU
		{30FE274F-0E05-4F79-B56F-30D82B40DB37}.Release|x86.ActiveCfg = Release|Any CPU
		{30FE274F-0E05-4F79-B56F-30D82B40DB37}.Release|x86.Build.0 = Release|Any CPU
		{30FE274F-0E05-4F79-B56F-30D82B40DB37}.Release|x86.Deploy.0 = Release|Any CPU
		{238910C3-428B-4643-8388-0C83FBFD8FD7}.Ad-Hoc|Any CPU.ActiveCfg = Ad-Hoc|iPhone
		{238910C3-428B-4643-8388-0C83FBFD8FD7}.Ad-Hoc|ARM.ActiveCfg = Ad-Hoc|iPhone
		{238910C3-428B-4643-8388-0C83FBFD8FD7}.Ad-Hoc|iPhone.ActiveCfg = Ad-Hoc|iPhone
		{238910C3-428B-4643-8388-0C83FBFD8FD7}.Ad-Hoc|iPhone.Build.0 = Ad-Hoc|iPhone
		{238910C3-428B-4643-8388-0C83FBFD8FD7}.Ad-Hoc|iPhoneSimulator.ActiveCfg = Ad-Hoc|iPhoneSimulator
		{238910C3-428B-4643-8388-0C83FBFD8FD7}.Ad-Hoc|iPhoneSimulator.Build.0 = Ad-Hoc|iPhoneSimulator
		{238910C3-428B-4643-8388-0C83FBFD8FD7}.Ad-Hoc|x64.ActiveCfg = Ad-Hoc|iPhone
		{238910C3-428B-4643-8388-0C83FBFD8FD7}.Ad-Hoc|x86.ActiveCfg = Ad-Hoc|iPhone
		{238910C3-428B-4643-8388-0C83FBFD8FD7}.AppStore|Any CPU.ActiveCfg = AppStore|iPhone
		{238910C3-428B-4643-8388-0C83FBFD8FD7}.AppStore|ARM.ActiveCfg = AppStore|iPhone
		{238910C3-428B-4643-8388-0C83FBFD8FD7}.AppStore|iPhone.ActiveCfg = AppStore|iPhone
		{238910C3-428B-4643-8388-0C83FBFD8FD7}.AppStore|iPhone.Build.0 = AppStore|iPhone
		{238910C3-428B-4643-8388-0C83FBFD8FD7}.AppStore|iPhoneSimulator.ActiveCfg = AppStore|iPhoneSimulator
		{238910C3-428B-4643-8388-0C83FBFD8FD7}.AppStore|iPhoneSimulator.Build.0 = AppStore|iPhoneSimulator
		{238910C3-428B-4643-8388-0C83FBFD8FD7}.AppStore|x64.ActiveCfg = AppStore|iPhone
		{238910C3-428B-4643-8388-0C83FBFD8FD7}.AppStore|x86.ActiveCfg = AppStore|iPhone
		{238910C3-428B-4643-8388-0C83FBFD8FD7}.Debug|Any CPU.ActiveCfg = Debug|iPhone
		{238910C3-428B-4643-8388-0C83FBFD8FD7}.Debug|ARM.ActiveCfg = Debug|iPhone
		{238910C3-428B-4643-8388-0C83FBFD8FD7}.Debug|iPhone.ActiveCfg = Debug|iPhone
		{238910C3-428B-4643-8388-0C83FBFD8FD7}.Debug|iPhone.Build.0 = Debug|iPhone
		{238910C3-428B-4643-8388-0C83FBFD8FD7}.Debug|iPhoneSimulator.ActiveCfg = Debug|iPhoneSimulator
		{238910C3-428B-4643-8388-0C83FBFD8FD7}.Debug|iPhoneSimulator.Build.0 = Debug|iPhoneSimulator
		{238910C3-428B-4643-8388-0C83FBFD8FD7}.Debug|x64.ActiveCfg = Debug|iPhone
		{238910C3-428B-4643-8388-0C83FBFD8FD7}.Debug|x86.ActiveCfg = Debug|iPhone
		{238910C3-428B-4643-8388-0C83FBFD8FD7}.Release|Any CPU.ActiveCfg = Release|iPhone
		{238910C3-428B-4643-8388-0C83FBFD8FD7}.Release|ARM.ActiveCfg = Release|iPhone
		{238910C3-428B-4643-8388-0C83FBFD8FD7}.Release|iPhone.ActiveCfg = Release|iPhone
		{238910C3-428B-4643-8388-0C83FBFD8FD7}.Release|iPhone.Build.0 = Release|iPhone
		{238910C3-428B-4643-8388-0C83FBFD8FD7}.Release|iPhoneSimulator.ActiveCfg = Release|iPhoneSimulator
		{238910C3-428B-4643-8388-0C83FBFD8FD7}.Release|iPhoneSimulator.Build.0 = Release|iPhoneSimulator
		{238910C3-428B-4643-8388-0C83FBFD8FD7}.Release|x64.ActiveCfg = Release|iPhone
		{238910C3-428B-4643-8388-0C83FBFD8FD7}.Release|x86.ActiveCfg = Release|iPhone
		{A2AEFB78-44BD-4508-A322-0F0F4138A0BE}.Ad-Hoc|Any CPU.ActiveCfg = Release|x86
		{A2AEFB78-44BD-4508-A322-0F0F4138A0BE}.Ad-Hoc|Any CPU.Build.0 = Release|x86
		{A2AEFB78-44BD-4508-A322-0F0F4138A0BE}.Ad-Hoc|Any CPU.Deploy.0 = Release|x86
		{A2AEFB78-44BD-4508-A322-0F0F4138A0BE}.Ad-Hoc|ARM.ActiveCfg = Release|ARM
		{A2AEFB78-44BD-4508-A322-0F0F4138A0BE}.Ad-Hoc|ARM.Build.0 = Release|ARM
		{A2AEFB78-44BD-4508-A322-0F0F4138A0BE}.Ad-Hoc|ARM.Deploy.0 = Release|ARM
		{A2AEFB78-44BD-4508-A322-0F0F4138A0BE}.Ad-Hoc|iPhone.ActiveCfg = Release|x86
		{A2AEFB78-44BD-4508-A322-0F0F4138A0BE}.Ad-Hoc|iPhone.Build.0 = Release|x86
		{A2AEFB78-44BD-4508-A322-0F0F4138A0BE}.Ad-Hoc|iPhone.Deploy.0 = Release|x86
		{A2AEFB78-44BD-4508-A322-0F0F4138A0BE}.Ad-Hoc|iPhoneSimulator.ActiveCfg = Release|x86
		{A2AEFB78-44BD-4508-A322-0F0F4138A0BE}.Ad-Hoc|iPhoneSimulator.Build.0 = Release|x86
		{A2AEFB78-44BD-4508-A322-0F0F4138A0BE}.Ad-Hoc|iPhoneSimulator.Deploy.0 = Release|x86
		{A2AEFB78-44BD-4508-A322-0F0F4138A0BE}.Ad-Hoc|x64.ActiveCfg = Release|x64
		{A2AEFB78-44BD-4508-A322-0F0F4138A0BE}.Ad-Hoc|x64.Build.0 = Release|x64
		{A2AEFB78-44BD-4508-A322-0F0F4138A0BE}.Ad-Hoc|x64.Deploy.0 = Release|x64
		{A2AEFB78-44BD-4508-A322-0F0F4138A0BE}.Ad-Hoc|x86.ActiveCfg = Release|x86
		{A2AEFB78-44BD-4508-A322-0F0F4138A0BE}.Ad-Hoc|x86.Build.0 = Release|x86
		{A2AEFB78-44BD-4508-A322-0F0F4138A0BE}.Ad-Hoc|x86.Deploy.0 = Release|x86
		{A2AEFB78-44BD-4508-A322-0F0F4138A0BE}.AppStore|Any CPU.ActiveCfg = Release|x86
		{A2AEFB78-44BD-4508-A322-0F0F4138A0BE}.AppStore|Any CPU.Build.0 = Release|x86
		{A2AEFB78-44BD-4508-A322-0F0F4138A0BE}.AppStore|Any CPU.Deploy.0 = Release|x86
		{A2AEFB78-44BD-4508-A322-0F0F4138A0BE}.AppStore|ARM.ActiveCfg = Release|ARM
		{A2AEFB78-44BD-4508-A322-0F0F4138A0BE}.AppStore|ARM.Build.0 = Release|ARM
		{A2AEFB78-44BD-4508-A322-0F0F4138A0BE}.AppStore|ARM.Deploy.0 = Release|ARM
		{A2AEFB78-44BD-4508-A322-0F0F4138A0BE}.AppStore|iPhone.ActiveCfg = Release|x86
		{A2AEFB78-44BD-4508-A322-0F0F4138A0BE}.AppStore|iPhone.Build.0 = Release|x86
		{A2AEFB78-44BD-4508-A322-0F0F4138A0BE}.AppStore|iPhone.Deploy.0 = Release|x86
		{A2AEFB78-44BD-4508-A322-0F0F4138A0BE}.AppStore|iPhoneSimulator.ActiveCfg = Release|x86
		{A2AEFB78-44BD-4508-A322-0F0F4138A0BE}.AppStore|iPhoneSimulator.Build.0 = Release|x86
		{A2AEFB78-44BD-4508-A322-0F0F4138A0BE}.AppStore|iPhoneSimulator.Deploy.0 = Release|x86
		{A2AEFB78-44BD-4508-A322-0F0F4138A0BE}.AppStore|x64.ActiveCfg = Release|x64
		{A2AEFB78-44BD-4508-A322-0F0F4138A0BE}.AppStore|x64.Build.0 = Release|x64
		{A2AEFB78-44BD-4508-A322-0F0F4138A0BE}.AppStore|x64.Deploy.0 = Release|x64
		{A2AEFB78-44BD-4508-A322-0F0F4138A0BE}.AppStore|x86.ActiveCfg = Release|x86
		{A2AEFB78-44BD-4508-A322-0F0F4138A0BE}.AppStore|x86.Build.0 = Release|x86
		{A2AEFB78-44BD-4508-A322-0F0F4138A0BE}.AppStore|x86.Deploy.0 = Release|x86
		{A2AEFB78-44BD-4508-A322-0F0F4138A0BE}.Debug|Any CPU.ActiveCfg = Debug|x86
		{A2AEFB78-44BD-4508-A322-0F0F4138A0BE}.Debug|ARM.ActiveCfg = Debug|ARM
		{A2AEFB78-44BD-4508-A322-0F0F4138A0BE}.Debug|ARM.Build.0 = Debug|ARM
		{A2AEFB78-44BD-4508-A322-0F0F4138A0BE}.Debug|ARM.Deploy.0 = Debug|ARM
		{A2AEFB78-44BD-4508-A322-0F0F4138A0BE}.Debug|iPhone.ActiveCfg = Debug|x86
		{A2AEFB78-44BD-4508-A322-0F0F4138A0BE}.Debug|iPhoneSimulator.ActiveCfg = Debug|x86
		{A2AEFB78-44BD-4508-A322-0F0F4138A0BE}.Debug|x64.ActiveCfg = Debug|x64
		{A2AEFB78-44BD-4508-A322-0F0F4138A0BE}.Debug|x64.Build.0 = Debug|x64
		{A2AEFB78-44BD-4508-A322-0F0F4138A0BE}.Debug|x64.Deploy.0 = Debug|x64
		{A2AEFB78-44BD-4508-A322-0F0F4138A0BE}.Debug|x86.ActiveCfg = Debug|x86
		{A2AEFB78-44BD-4508-A322-0F0F4138A0BE}.Debug|x86.Build.0 = Debug|x86
		{A2AEFB78-44BD-4508-A322-0F0F4138A0BE}.Debug|x86.Deploy.0 = Debug|x86
		{A2AEFB78-44BD-4508-A322-0F0F4138A0BE}.Release|Any CPU.ActiveCfg = Release|x86
		{A2AEFB78-44BD-4508-A322-0F0F4138A0BE}.Release|ARM.ActiveCfg = Release|ARM
		{A2AEFB78-44BD-4508-A322-0F0F4138A0BE}.Release|ARM.Build.0 = Release|ARM
		{A2AEFB78-44BD-4508-A322-0F0F4138A0BE}.Release|ARM.Deploy.0 = Release|ARM
		{A2AEFB78-44BD-4508-A322-0F0F4138A0BE}.Release|iPhone.ActiveCfg = Release|x86
		{A2AEFB78-44BD-4508-A322-0F0F4138A0BE}.Release|iPhoneSimulator.ActiveCfg = Release|x86
		{A2AEFB78-44BD-4508-A322-0F0F4138A0BE}.Release|x64.ActiveCfg = Release|x64
		{A2AEFB78-44BD-4508-A322-0F0F4138A0BE}.Release|x64.Build.0 = Release|x64
		{A2AEFB78-44BD-4508-A322-0F0F4138A0BE}.Release|x64.Deploy.0 = Release|x64
		{A2AEFB78-44BD-4508-A322-0F0F4138A0BE}.Release|x86.ActiveCfg = Release|x86
		{A2AEFB78-44BD-4508-A322-0F0F4138A0BE}.Release|x86.Build.0 = Release|x86
		{A2AEFB78-44BD-4508-A322-0F0F4138A0BE}.Release|x86.Deploy.0 = Release|x86
	EndGlobalSection
	GlobalSection(SolutionProperties) = preSolution
		HideSolutionNode = FALSE
	EndGlobalSection
EndGlobal
